
Microsoft Visual Studio Solution File, Format Version 12.00
# Visual Studio Version 17
VisualStudioVersion = 17.4.33122.133
MinimumVisualStudioVersion = 10.0.40219.1
Project("{8BC9CEB8-8B4A-11D0-8D11-00A0C91BC942}") = "07_Modeling_Step4_Cylinder", "07_Modeling_Step4_Cylinder.vcxproj", "{A6BD8741-B49A-451C-9C34-0B28B9CEFACF}"
EndProject
Global
	GlobalSection(SolutionConfigurationPlatforms) = preSolution
		Debug|x64 = Debug|x64
		Debug|x86 = Debug|x86
		Release|x64 = Release|x64
		Release|x86 = Release|x86
	EndGlobalSection
	GlobalSection(ProjectConfigurationPlatforms) = postSolution
		{A6BD8741-B49A-451C-9C34-0B28B9CEFACF}.Debug|x64.ActiveCfg = Debug|x64
		{A6BD8741-B49A-451C-9C34-0B28B9CEFACF}.Debug|x64.Build.0 = Debug|x64
		{A6BD8741-B49A-451C-9C34-0B28B9CEFACF}.Debug|x86.ActiveCfg = Debug|Win32
		{A6BD8741-B49A-451C-9C34-0B28B9CEFACF}.Debug|x86.Build.0 = Debug|Win32
		{A6BD8741-B49A-451C-9C34-0B28B9CEFACF}.Release|x64.ActiveCfg = Release|x64
		{A6BD8741-B49A-451C-9C34-0B28B9CEFACF}.Release|x64.Build.0 = Release|x64
		{A6BD8741-B49A-451C-9C34-0B28B9CEFACF}.Release|x86.ActiveCfg = Release|Win32
		{A6BD8741-B49A-451C-9C34-0B28B9CEFACF}.Release|x86.Build.0 = Release|Win32
	EndGlobalSection
	GlobalSection(SolutionProperties) = preSolution
		HideSolutionNode = FALSE
	EndGlobalSection
	GlobalSection(ExtensibilityGlobals) = postSolution
		SolutionGuid = {A07EFBE9-6816-4585-B900-0F207A1108AB}
	EndGlobalSection
EndGlobal
