
Microsoft Visual Studio Solution File, Format Version 12.00
# Visual Studio Version 17
VisualStudioVersion = 17.4.33213.308
MinimumVisualStudioVersion = 10.0.40219.1
Project("{8BC9CEB8-8B4A-11D0-8D11-00A0C91BC942}") = "09_UserInteraction_Step5_VirtualTrackball", "09_UserInteraction_Step5_VirtualTrackball.vcxproj", "{08525977-7FEF-467F-BD05-3B01E49DFDFB}"
EndProject
Global
	GlobalSection(SolutionConfigurationPlatforms) = preSolution
		Debug|x64 = Debug|x64
		Debug|x86 = Debug|x86
		Release|x64 = Release|x64
		Release|x86 = Release|x86
	EndGlobalSection
	GlobalSection(ProjectConfigurationPlatforms) = postSolution
		{08525977-7FEF-467F-BD05-3B01E49DFDFB}.Debug|x64.ActiveCfg = Debug|x64
		{08525977-7FEF-467F-BD05-3B01E49DFDFB}.Debug|x64.Build.0 = Debug|x64
		{08525977-7FEF-467F-BD05-3B01E49DFDFB}.Debug|x86.ActiveCfg = Debug|Win32
		{08525977-7FEF-467F-BD05-3B01E49DFDFB}.Debug|x86.Build.0 = Debug|Win32
		{08525977-7FEF-467F-BD05-3B01E49DFDFB}.Release|x64.ActiveCfg = Release|x64
		{08525977-7FEF-467F-BD05-3B01E49DFDFB}.Release|x64.Build.0 = Release|x64
		{08525977-7FEF-467F-BD05-3B01E49DFDFB}.Release|x86.ActiveCfg = Release|Win32
		{08525977-7FEF-467F-BD05-3B01E49DFDFB}.Release|x86.Build.0 = Release|Win32
	EndGlobalSection
	GlobalSection(SolutionProperties) = preSolution
		HideSolutionNode = FALSE
	EndGlobalSection
	GlobalSection(ExtensibilityGlobals) = postSolution
		SolutionGuid = {7A4EC3A4-DE1B-43E9-8FB5-A0C242F0207B}
	EndGlobalSection
EndGlobal
