
Microsoft Visual Studio Solution File, Format Version 12.00
# Visual Studio Version 17
VisualStudioVersion = 17.3.32929.385
MinimumVisualStudioVersion = 10.0.40219.1
Project("{8BC9CEB8-8B4A-11D0-8D11-00A0C91BC942}") = "04_Rasterization_Step2_Circle", "04_Rasterization_Step2_Circle.vcxproj", "{71BA084F-1D8E-4B5C-81DC-9412A1053B7C}"
EndProject
Global
	GlobalSection(SolutionConfigurationPlatforms) = preSolution
		Debug|x64 = Debug|x64
		Debug|x86 = Debug|x86
		Release|x64 = Release|x64
		Release|x86 = Release|x86
	EndGlobalSection
	GlobalSection(ProjectConfigurationPlatforms) = postSolution
		{71BA084F-1D8E-4B5C-81DC-9412A1053B7C}.Debug|x64.ActiveCfg = Debug|x64
		{71BA084F-1D8E-4B5C-81DC-9412A1053B7C}.Debug|x64.Build.0 = Debug|x64
		{71BA084F-1D8E-4B5C-81DC-9412A1053B7C}.Debug|x86.ActiveCfg = Debug|Win32
		{71BA084F-1D8E-4B5C-81DC-9412A1053B7C}.Debug|x86.Build.0 = Debug|Win32
		{71BA084F-1D8E-4B5C-81DC-9412A1053B7C}.Release|x64.ActiveCfg = Release|x64
		{71BA084F-1D8E-4B5C-81DC-9412A1053B7C}.Release|x64.Build.0 = Release|x64
		{71BA084F-1D8E-4B5C-81DC-9412A1053B7C}.Release|x86.ActiveCfg = Release|Win32
		{71BA084F-1D8E-4B5C-81DC-9412A1053B7C}.Release|x86.Build.0 = Release|Win32
	EndGlobalSection
	GlobalSection(SolutionProperties) = preSolution
		HideSolutionNode = FALSE
	EndGlobalSection
	GlobalSection(ExtensibilityGlobals) = postSolution
		SolutionGuid = {221D161B-583A-46DF-B762-11EC72657DE9}
	EndGlobalSection
EndGlobal
