
Microsoft Visual Studio Solution File, Format Version 12.00
# Visual Studio Version 17
VisualStudioVersion = 17.5.33424.131
MinimumVisualStudioVersion = 10.0.40219.1
Project("{8BC9CEB8-8B4A-11D0-8D11-00A0C91BC942}") = "13_LightAndShadow_Step4_ShadowMapping", "13_LightAndShadow_Step4_ShadowMapping.vcxproj", "{3582C423-ECE2-46A8-97EE-FD7BE4E29C9B}"
EndProject
Global
	GlobalSection(SolutionConfigurationPlatforms) = preSolution
		Debug|x64 = Debug|x64
		Debug|x86 = Debug|x86
		Release|x64 = Release|x64
		Release|x86 = Release|x86
	EndGlobalSection
	GlobalSection(ProjectConfigurationPlatforms) = postSolution
		{3582C423-ECE2-46A8-97EE-FD7BE4E29C9B}.Debug|x64.ActiveCfg = Debug|x64
		{3582C423-ECE2-46A8-97EE-FD7BE4E29C9B}.Debug|x64.Build.0 = Debug|x64
		{3582C423-ECE2-46A8-97EE-FD7BE4E29C9B}.Debug|x86.ActiveCfg = Debug|Win32
		{3582C423-ECE2-46A8-97EE-FD7BE4E29C9B}.Debug|x86.Build.0 = Debug|Win32
		{3582C423-ECE2-46A8-97EE-FD7BE4E29C9B}.Release|x64.ActiveCfg = Release|x64
		{3582C423-ECE2-46A8-97EE-FD7BE4E29C9B}.Release|x64.Build.0 = Release|x64
		{3582C423-ECE2-46A8-97EE-FD7BE4E29C9B}.Release|x86.ActiveCfg = Release|Win32
		{3582C423-ECE2-46A8-97EE-FD7BE4E29C9B}.Release|x86.Build.0 = Release|Win32
	EndGlobalSection
	GlobalSection(SolutionProperties) = preSolution
		HideSolutionNode = FALSE
	EndGlobalSection
	GlobalSection(ExtensibilityGlobals) = postSolution
		SolutionGuid = {51189A5E-33AE-4F66-A731-06BA8AED0685}
	EndGlobalSection
EndGlobal
